// !$*UTF8*$!
{
	archiveVersion = 1;
	classes = {
	};
	objectVersion = 46;
	objects = {

/* Begin PBXBuildFile section */
		3B2B88E01D146C65003C0513 /* Button.png in Resources */ = {isa = PBXBuildFile; fileRef = 3B2B88DF1D146C65003C0513 /* Button.png */; };
		3B2B88E21D146FFF003C0513 /* record.png in Resources */ = {isa = PBXBuildFile; fileRef = 3B2B88E11D146FFF003C0513 /* record.png */; };
		3B2B88EA1D14755F003C0513 /* Play.png in Resources */ = {isa = PBXBuildFile; fileRef = 3B2B88E91D14755F003C0513 /* Play.png */; };
		3B2B88EC1D1475D1003C0513 /* Fast-Foward.png in Resources */ = {isa = PBXBuildFile; fileRef = 3B2B88EB1D1475D1003C0513 /* Fast-Foward.png */; };
		3B2B88EE1D147660003C0513 /* Rewind.png in Resources */ = {isa = PBXBuildFile; fileRef = 3B2B88ED1D147660003C0513 /* Rewind.png */; };
		AA5E7E8D1D14515400C04A62 /* main.m in Sources */ = {isa = PBXBuildFile; fileRef = AA5E7E8C1D14515400C04A62 /* main.m */; };
		AA5E7E901D14515400C04A62 /* AppDelegate.m in Sources */ = {isa = PBXBuildFile; fileRef = AA5E7E8F1D14515400C04A62 /* AppDelegate.m */; };
		AA5E7E931D14515400C04A62 /* ViewController.m in Sources */ = {isa = PBXBuildFile; fileRef = AA5E7E921D14515400C04A62 /* ViewController.m */; };
		AA5E7E961D14515400C04A62 /* Main.storyboard in Resources */ = {isa = PBXBuildFile; fileRef = AA5E7E941D14515400C04A62 /* Main.storyboard */; };
		AA5E7E991D14515400C04A62 /* VideoDub.xcdatamodeld in Sources */ = {isa = PBXBuildFile; fileRef = AA5E7E971D14515400C04A62 /* VideoDub.xcdatamodeld */; };
		AA5E7E9B1D14515400C04A62 /* Assets.xcassets in Resources */ = {isa = PBXBuildFile; fileRef = AA5E7E9A1D14515400C04A62 /* Assets.xcassets */; };
		AA5E7E9E1D14515400C04A62 /* LaunchScreen.storyboard in Resources */ = {isa = PBXBuildFile; fileRef = AA5E7E9C1D14515400C04A62 /* LaunchScreen.storyboard */; };
		AA5E7EAD1D147BF100C04A62 /* PopularVideosTableViewController.m in Sources */ = {isa = PBXBuildFile; fileRef = AA5E7EAC1D147BF100C04A62 /* PopularVideosTableViewController.m */; };
		AA5E7EB01D147C5D00C04A62 /* YoutubeVideo.m in Sources */ = {isa = PBXBuildFile; fileRef = AA5E7EAF1D147C5D00C04A62 /* YoutubeVideo.m */; };
		AA5E7EB91D14978300C04A62 /* WebViewController.m in Sources */ = {isa = PBXBuildFile; fileRef = AA5E7EB81D14978300C04A62 /* WebViewController.m */; };
		AA5E7EBB1D1497E700C04A62 /* WebKit.framework in Frameworks */ = {isa = PBXBuildFile; fileRef = AA5E7EBA1D1497E700C04A62 /* WebKit.framework */; };
/* End PBXBuildFile section */

/* Begin PBXFileReference section */
		3B2B88DF1D146C65003C0513 /* Button.png */ = {isa = PBXFileReference; lastKnownFileType = image.png; path = Button.png; sourceTree = "<group>"; };
		3B2B88E11D146FFF003C0513 /* record.png */ = {isa = PBXFileReference; lastKnownFileType = image.png; path = record.png; sourceTree = "<group>"; };
		3B2B88E91D14755F003C0513 /* Play.png */ = {isa = PBXFileReference; lastKnownFileType = image.png; path = Play.png; sourceTree = "<group>"; };
		3B2B88EB1D1475D1003C0513 /* Fast-Foward.png */ = {isa = PBXFileReference; lastKnownFileType = image.png; path = "Fast-Foward.png"; sourceTree = "<group>"; };
		3B2B88ED1D147660003C0513 /* Rewind.png */ = {isa = PBXFileReference; lastKnownFileType = image.png; path = Rewind.png; sourceTree = "<group>"; };
		AA5E7E881D14515300C04A62 /* VideoDub.app */ = {isa = PBXFileReference; explicitFileType = wrapper.application; includeInIndex = 0; path = VideoDub.app; sourceTree = BUILT_PRODUCTS_DIR; };
		AA5E7E8C1D14515400C04A62 /* main.m */ = {isa = PBXFileReference; lastKnownFileType = sourcecode.c.objc; path = main.m; sourceTree = "<group>"; };
		AA5E7E8E1D14515400C04A62 /* AppDelegate.h */ = {isa = PBXFileReference; lastKnownFileType = sourcecode.c.h; path = AppDelegate.h; sourceTree = "<group>"; };
		AA5E7E8F1D14515400C04A62 /* AppDelegate.m */ = {isa = PBXFileReference; lastKnownFileType = sourcecode.c.objc; path = AppDelegate.m; sourceTree = "<group>"; };
		AA5E7E911D14515400C04A62 /* ViewController.h */ = {isa = PBXFileReference; lastKnownFileType = sourcecode.c.h; path = ViewController.h; sourceTree = "<group>"; };
		AA5E7E921D14515400C04A62 /* ViewController.m */ = {isa = PBXFileReference; lastKnownFileType = sourcecode.c.objc; path = ViewController.m; sourceTree = "<group>"; };
		AA5E7E951D14515400C04A62 /* Base */ = {isa = PBXFileReference; lastKnownFileType = file.storyboard; name = Base; path = Base.lproj/Main.storyboard; sourceTree = "<group>"; };
		AA5E7E981D14515400C04A62 /* VideoDub.xcdatamodel */ = {isa = PBXFileReference; lastKnownFileType = wrapper.xcdatamodel; path = VideoDub.xcdatamodel; sourceTree = "<group>"; };
		AA5E7E9A1D14515400C04A62 /* Assets.xcassets */ = {isa = PBXFileReference; lastKnownFileType = folder.assetcatalog; path = Assets.xcassets; sourceTree = "<group>"; };
		AA5E7E9D1D14515400C04A62 /* Base */ = {isa = PBXFileReference; lastKnownFileType = file.storyboard; name = Base; path = Base.lproj/LaunchScreen.storyboard; sourceTree = "<group>"; };
		AA5E7E9F1D14515400C04A62 /* Info.plist */ = {isa = PBXFileReference; lastKnownFileType = text.plist.xml; path = Info.plist; sourceTree = "<group>"; };
		AA5E7EAB1D147BF100C04A62 /* PopularVideosTableViewController.h */ = {isa = PBXFileReference; fileEncoding = 4; lastKnownFileType = sourcecode.c.h; path = PopularVideosTableViewController.h; sourceTree = "<group>"; };
		AA5E7EAC1D147BF100C04A62 /* PopularVideosTableViewController.m */ = {isa = PBXFileReference; fileEncoding = 4; lastKnownFileType = sourcecode.c.objc; path = PopularVideosTableViewController.m; sourceTree = "<group>"; };
		AA5E7EAE1D147C5D00C04A62 /* YoutubeVideo.h */ = {isa = PBXFileReference; fileEncoding = 4; lastKnownFileType = sourcecode.c.h; path = YoutubeVideo.h; sourceTree = "<group>"; };
		AA5E7EAF1D147C5D00C04A62 /* YoutubeVideo.m */ = {isa = PBXFileReference; fileEncoding = 4; lastKnownFileType = sourcecode.c.objc; path = YoutubeVideo.m; sourceTree = "<group>"; };
		AA5E7EB71D14978300C04A62 /* WebViewController.h */ = {isa = PBXFileReference; fileEncoding = 4; lastKnownFileType = sourcecode.c.h; path = WebViewController.h; sourceTree = "<group>"; };
		AA5E7EB81D14978300C04A62 /* WebViewController.m */ = {isa = PBXFileReference; fileEncoding = 4; lastKnownFileType = sourcecode.c.objc; path = WebViewController.m; sourceTree = "<group>"; };
		AA5E7EBA1D1497E700C04A62 /* WebKit.framework */ = {isa = PBXFileReference; lastKnownFileType = wrapper.framework; name = WebKit.framework; path = System/Library/Frameworks/WebKit.framework; sourceTree = SDKROOT; };
/* End PBXFileReference section */

/* Begin PBXFrameworksBuildPhase section */
		AA5E7E851D14515300C04A62 /* Frameworks */ = {
			isa = PBXFrameworksBuildPhase;
			buildActionMask = 2147483647;
			files = (
				AA5E7EBB1D1497E700C04A62 /* WebKit.framework in Frameworks */,
			);
			runOnlyForDeploymentPostprocessing = 0;
		};
/* End PBXFrameworksBuildPhase section */

/* Begin PBXGroup section */
		AA5E7E7F1D14515300C04A62 = {
			isa = PBXGroup;
			children = (
				AA5E7EBA1D1497E700C04A62 /* WebKit.framework */,
				AA5E7E8A1D14515400C04A62 /* VideoDub */,
				AA5E7E891D14515300C04A62 /* Products */,
			);
			sourceTree = "<group>";
		};
		AA5E7E891D14515300C04A62 /* Products */ = {
			isa = PBXGroup;
			children = (
				AA5E7E881D14515300C04A62 /* VideoDub.app */,
			);
			name = Products;
			sourceTree = "<group>";
		};
		AA5E7E8A1D14515400C04A62 /* VideoDub */ = {
			isa = PBXGroup;
			children = (
				AA5E7E8E1D14515400C04A62 /* AppDelegate.h */,
				AA5E7E8F1D14515400C04A62 /* AppDelegate.m */,
				AA5E7E911D14515400C04A62 /* ViewController.h */,
				AA5E7E921D14515400C04A62 /* ViewController.m */,
				AA5E7E941D14515400C04A62 /* Main.storyboard */,
				AA5E7EAB1D147BF100C04A62 /* PopularVideosTableViewController.h */,
				AA5E7EAC1D147BF100C04A62 /* PopularVideosTableViewController.m */,
				AA5E7EB71D14978300C04A62 /* WebViewController.h */,
				AA5E7EB81D14978300C04A62 /* WebViewController.m */,
				AA5E7EAE1D147C5D00C04A62 /* YoutubeVideo.h */,
				AA5E7EAF1D147C5D00C04A62 /* YoutubeVideo.m */,
				AA5E7E9A1D14515400C04A62 /* Assets.xcassets */,
				AA5E7E9C1D14515400C04A62 /* LaunchScreen.storyboard */,
				AA5E7E9F1D14515400C04A62 /* Info.plist */,
				AA5E7E971D14515400C04A62 /* VideoDub.xcdatamodeld */,
				AA5E7E8B1D14515400C04A62 /* Supporting Files */,
			);
			path = VideoDub;
			sourceTree = "<group>";
		};
		AA5E7E8B1D14515400C04A62 /* Supporting Files */ = {
			isa = PBXGroup;
			children = (
				3B2B88DF1D146C65003C0513 /* Button.png */,
				3B2B88EB1D1475D1003C0513 /* Fast-Foward.png */,
				3B2B88ED1D147660003C0513 /* Rewind.png */,
				3B2B88E91D14755F003C0513 /* Play.png */,
				3B2B88E11D146FFF003C0513 /* record.png */,
				AA5E7E8C1D14515400C04A62 /* main.m */,
			);
			name = "Supporting Files";
			sourceTree = "<group>";
		};
/* End PBXGroup section */

/* Begin PBXNativeTarget section */
		AA5E7E871D14515300C04A62 /* VideoDub */ = {
			isa = PBXNativeTarget;
			buildConfigurationList = AA5E7EA21D14515400C04A62 /* Build configuration list for PBXNativeTarget "VideoDub" */;
			buildPhases = (
				AA5E7E841D14515300C04A62 /* Sources */,
				AA5E7E851D14515300C04A62 /* Frameworks */,
				AA5E7E861D14515300C04A62 /* Resources */,
			);
			buildRules = (
			);
			dependencies = (
			);
			name = VideoDub;
			productName = VideoDub;
			productReference = AA5E7E881D14515300C04A62 /* VideoDub.app */;
			productType = "com.apple.product-type.application";
		};
/* End PBXNativeTarget section */

/* Begin PBXProject section */
		AA5E7E801D14515300C04A62 /* Project object */ = {
			isa = PBXProject;
			attributes = {
				LastUpgradeCheck = 0730;
				ORGANIZATIONNAME = TurnToTech;
				TargetAttributes = {
					AA5E7E871D14515300C04A62 = {
						CreatedOnToolsVersion = 7.3.1;
					};
				};
			};
			buildConfigurationList = AA5E7E831D14515300C04A62 /* Build configuration list for PBXProject "VideoDub" */;
			compatibilityVersion = "Xcode 3.2";
			developmentRegion = English;
			hasScannedForEncodings = 0;
			knownRegions = (
				en,
				Base,
			);
			mainGroup = AA5E7E7F1D14515300C04A62;
			productRefGroup = AA5E7E891D14515300C04A62 /* Products */;
			projectDirPath = "";
			projectRoot = "";
			targets = (
				AA5E7E871D14515300C04A62 /* VideoDub */,
			);
		};
/* End PBXProject section */

/* Begin PBXResourcesBuildPhase section */
		AA5E7E861D14515300C04A62 /* Resources */ = {
			isa = PBXResourcesBuildPhase;
			buildActionMask = 2147483647;
			files = (
				3B2B88E21D146FFF003C0513 /* record.png in Resources */,
				3B2B88EC1D1475D1003C0513 /* Fast-Foward.png in Resources */,
				AA5E7E9E1D14515400C04A62 /* LaunchScreen.storyboard in Resources */,
				3B2B88E01D146C65003C0513 /* Button.png in Resources */,
				3B2B88EA1D14755F003C0513 /* Play.png in Resources */,
				AA5E7E9B1D14515400C04A62 /* Assets.xcassets in Resources */,
				3B2B88EE1D147660003C0513 /* Rewind.png in Resources */,
				AA5E7E961D14515400C04A62 /* Main.storyboard in Resources */,
			);
			runOnlyForDeploymentPostprocessing = 0;
		};
/* End PBXResourcesBuildPhase section */

/* Begin PBXSourcesBuildPhase section */
		AA5E7E841D14515300C04A62 /* Sources */ = {
			isa = PBXSourcesBuildPhase;
			buildActionMask = 2147483647;
			files = (
				AA5E7E931D14515400C04A62 /* ViewController.m in Sources */,
				AA5E7EB91D14978300C04A62 /* WebViewController.m in Sources */,
				AA5E7E901D14515400C04A62 /* AppDelegate.m in Sources */,
				AA5E7E8D1D14515400C04A62 /* main.m in Sources */,
				AA5E7EAD1D147BF100C04A62 /* PopularVideosTableViewController.m in Sources */,
				AA5E7E991D14515400C04A62 /* VideoDub.xcdatamodeld in Sources */,
				AA5E7EB01D147C5D00C04A62 /* YoutubeVideo.m in Sources */,
			);
			runOnlyForDeploymentPostprocessing = 0;
		};
/* End PBXSourcesBuildPhase section */

/* Begin PBXVariantGroup section */
		AA5E7E941D14515400C04A62 /* Main.storyboard */ = {
			isa = PBXVariantGroup;
			children = (
				AA5E7E951D14515400C04A62 /* Base */,
			);
			name = Main.storyboard;
			sourceTree = "<group>";
		};
		AA5E7E9C1D14515400C04A62 /* LaunchScreen.storyboard */ = {
			isa = PBXVariantGroup;
			children = (
				AA5E7E9D1D14515400C04A62 /* Base */,
			);
			name = LaunchScreen.storyboard;
			sourceTree = "<group>";
		};
/* End PBXVariantGroup section */

/* Begin XCBuildConfiguration section */
		AA5E7EA01D14515400C04A62 /* Debug */ = {
			isa = XCBuildConfiguration;
			buildSettings = {
				ALWAYS_SEARCH_USER_PATHS = NO;
				CLANG_ANALYZER_NONNULL = YES;
				CLANG_CXX_LANGUAGE_STANDARD = "gnu++0x";
				CLANG_CXX_LIBRARY = "libc++";
				CLANG_ENABLE_MODULES = YES;
				CLANG_ENABLE_OBJC_ARC = YES;
				CLANG_WARN_BOOL_CONVERSION = YES;
				CLANG_WARN_CONSTANT_CONVERSION = YES;
				CLANG_WARN_DIRECT_OBJC_ISA_USAGE = YES_ERROR;
				CLANG_WARN_EMPTY_BODY = YES;
				CLANG_WARN_ENUM_CONVERSION = YES;
				CLANG_WARN_INT_CONVERSION = YES;
				CLANG_WARN_OBJC_ROOT_CLASS = YES_ERROR;
				CLANG_WARN_UNREACHABLE_CODE = YES;
				CLANG_WARN__DUPLICATE_METHOD_MATCH = YES;
				"CODE_SIGN_IDENTITY[sdk=iphoneos*]" = "iPhone Developer";
				COPY_PHASE_STRIP = NO;
				DEBUG_INFORMATION_FORMAT = dwarf;
				ENABLE_STRICT_OBJC_MSGSEND = YES;
				ENABLE_TESTABILITY = YES;
				GCC_C_LANGUAGE_STANDARD = gnu99;
				GCC_DYNAMIC_NO_PIC = NO;
				GCC_NO_COMMON_BLOCKS = YES;
				GCC_OPTIMIZATION_LEVEL = 0;
				GCC_PREPROCESSOR_DEFINITIONS = (
					"DEBUG=1",
					"$(inherited)",
				);
				GCC_WARN_64_TO_32_BIT_CONVERSION = YES;
				GCC_WARN_ABOUT_RETURN_TYPE = YES_ERROR;
				GCC_WARN_UNDECLARED_SELECTOR = YES;
				GCC_WARN_UNINITIALIZED_AUTOS = YES_AGGRESSIVE;
				GCC_WARN_UNUSED_FUNCTION = YES;
				GCC_WARN_UNUSED_VARIABLE = YES;
				IPHONEOS_DEPLOYMENT_TARGET = 9.3;
				MTL_ENABLE_DEBUG_INFO = YES;
				ONLY_ACTIVE_ARCH = YES;
				SDKROOT = iphoneos;
				TARGETED_DEVICE_FAMILY = "1,2";
			};
			name = Debug;
		};
		AA5E7EA11D14515400C04A62 /* Release */ = {
			isa = XCBuildConfiguration;
			buildSettings = {
				ALWAYS_SEARCH_USER_PATHS = NO;
				CLANG_ANALYZER_NONNULL = YES;
				CLANG_CXX_LANGUAGE_STANDARD = "gnu++0x";
				CLANG_CXX_LIBRARY = "libc++";
				CLANG_ENABLE_MODULES = YES;
				CLANG_ENABLE_OBJC_ARC = YES;
				CLANG_WARN_BOOL_CONVERSION = YES;
				CLANG_WARN_CONSTANT_CONVERSION = YES;
				CLANG_WARN_DIRECT_OBJC_ISA_USAGE = YES_ERROR;
				CLANG_WARN_EMPTY_BODY = YES;
				CLANG_WARN_ENUM_CONVERSION = YES;
				CLANG_WARN_INT_CONVERSION = YES;
				CLANG_WARN_OBJC_ROOT_CLASS = YES_ERROR;
				CLANG_WARN_UNREACHABLE_CODE = YES;
				CLANG_WARN__DUPLICATE_METHOD_MATCH = YES;
				"CODE_SIGN_IDENTITY[sdk=iphoneos*]" = "iPhone Developer";
				COPY_PHASE_STRIP = NO;
				DEBUG_INFORMATION_FORMAT = "dwarf-with-dsym";
				ENABLE_NS_ASSERTIONS = NO;
				ENABLE_STRICT_OBJC_MSGSEND = YES;
				GCC_C_LANGUAGE_STANDARD = gnu99;
				GCC_NO_COMMON_BLOCKS = YES;
				GCC_WARN_64_TO_32_BIT_CONVERSION = YES;
				GCC_WARN_ABOUT_RETURN_TYPE = YES_ERROR;
				GCC_WARN_UNDECLARED_SELECTOR = YES;
				GCC_WARN_UNINITIALIZED_AUTOS = YES_AGGRESSIVE;
				GCC_WARN_UNUSED_FUNCTION = YES;
				GCC_WARN_UNUSED_VARIABLE = YES;
				IPHONEOS_DEPLOYMENT_TARGET = 9.3;
				MTL_ENABLE_DEBUG_INFO = NO;
				SDKROOT = iphoneos;
				TARGETED_DEVICE_FAMILY = "1,2";
				VALIDATE_PRODUCT = YES;
			};
			name = Release;
		};
		AA5E7EA31D14515400C04A62 /* Debug */ = {
			isa = XCBuildConfiguration;
			buildSettings = {
				ASSETCATALOG_COMPILER_APPICON_NAME = AppIcon;
				INFOPLIST_FILE = VideoDub/Info.plist;
				LD_RUNPATH_SEARCH_PATHS = "$(inherited) @executable_path/Frameworks";
				PRODUCT_BUNDLE_IDENTIFIER = TurnToTech.VideoDub;
				PRODUCT_NAME = "$(TARGET_NAME)";
			};
			name = Debug;
		};
		AA5E7EA41D14515400C04A62 /* Release */ = {
			isa = XCBuildConfiguration;
			buildSettings = {
				ASSETCATALOG_COMPILER_APPICON_NAME = AppIcon;
				INFOPLIST_FILE = VideoDub/Info.plist;
				LD_RUNPATH_SEARCH_PATHS = "$(inherited) @executable_path/Frameworks";
				PRODUCT_BUNDLE_IDENTIFIER = TurnToTech.VideoDub;
				PRODUCT_NAME = "$(TARGET_NAME)";
			};
			name = Release;
		};
/* End XCBuildConfiguration section */

/* Begin XCConfigurationList section */
		AA5E7E831D14515300C04A62 /* Build configuration list for PBXProject "VideoDub" */ = {
			isa = XCConfigurationList;
			buildConfigurations = (
				AA5E7EA01D14515400C04A62 /* Debug */,
				AA5E7EA11D14515400C04A62 /* Release */,
			);
			defaultConfigurationIsVisible = 0;
			defaultConfigurationName = Release;
		};
		AA5E7EA21D14515400C04A62 /* Build configuration list for PBXNativeTarget "VideoDub" */ = {
			isa = XCConfigurationList;
			buildConfigurations = (
				AA5E7EA31D14515400C04A62 /* Debug */,
				AA5E7EA41D14515400C04A62 /* Release */,
			);
			defaultConfigurationIsVisible = 0;
			defaultConfigurationName = Release;
		};
/* End XCConfigurationList section */

/* Begin XCVersionGroup section */
		AA5E7E971D14515400C04A62 /* VideoDub.xcdatamodeld */ = {
			isa = XCVersionGroup;
			children = (
				AA5E7E981D14515400C04A62 /* VideoDub.xcdatamodel */,
			);
			currentVersion = AA5E7E981D14515400C04A62 /* VideoDub.xcdatamodel */;
			path = VideoDub.xcdatamodeld;
			sourceTree = "<group>";
			versionGroupType = wrapper.xcdatamodel;
		};
/* End XCVersionGroup section */
	};
	rootObject = AA5E7E801D14515300C04A62 /* Project object */;
}
